
Microsoft Visual Studio Solution File, Format Version 12.00
Project("{FAE04EC0-301F-11D3-BF4B-00C04F79EFBC}") = "ServerMonitoring", "ServerMonitoring\ServerMonitoring.csproj", "{A30B0EBC-ABF7-4DB5-867D-75774D027502}"
EndProject
Project("{FAE04EC0-301F-11D3-BF4B-00C04F79EFBC}") = "ServerMonitoring.WorkerService", "ServerMonitoring.WorkerService\ServerMonitoring.WorkerService.csproj", "{5E6FAB51-1A76-46C8-8526-76A2C6AA1D5B}"
EndProject
Global
	GlobalSection(SolutionConfigurationPlatforms) = preSolution
		Debug|Any CPU = Debug|Any CPU
		Release|Any CPU = Release|Any CPU
	EndGlobalSection
	GlobalSection(ProjectConfigurationPlatforms) = postSolution
		{A30B0EBC-ABF7-4DB5-867D-75774D027502}.Debug|Any CPU.ActiveCfg = Debug|Any CPU
		{A30B0EBC-ABF7-4DB5-867D-75774D027502}.Debug|Any CPU.Build.0 = Debug|Any CPU
		{A30B0EBC-ABF7-4DB5-867D-75774D027502}.Release|Any CPU.ActiveCfg = Release|Any CPU
		{A30B0EBC-ABF7-4DB5-867D-75774D027502}.Release|Any CPU.Build.0 = Release|Any CPU
		{5E6FAB51-1A76-46C8-8526-76A2C6AA1D5B}.Debug|Any CPU.ActiveCfg = Debug|Any CPU
		{5E6FAB51-1A76-46C8-8526-76A2C6AA1D5B}.Debug|Any CPU.Build.0 = Debug|Any CPU
		{5E6FAB51-1A76-46C8-8526-76A2C6AA1D5B}.Release|Any CPU.ActiveCfg = Release|Any CPU
		{5E6FAB51-1A76-46C8-8526-76A2C6AA1D5B}.Release|Any CPU.Build.0 = Release|Any CPU
	EndGlobalSection
EndGlobal
